// !$*UTF8*$!
{
	archiveVersion = 1;
	classes = {
	};
	objectVersion = 56;
	objects = {

/* Begin PBXBuildFile section */
		E4D3789B2A110AD6008DB8A4 /* PreviewProviderOption.swift in Sources */ = {isa = PBXBuildFile; fileRef = E4D3789A2A110AD6008DB8A4 /* PreviewProviderOption.swift */; };
		E4D3789E2A110AFA008DB8A4 /* AssetColor.swift in Sources */ = {isa = PBXBuildFile; fileRef = E4D3789D2A110AFA008DB8A4 /* AssetColor.swift */; };
		E4D378A02A110B05008DB8A4 /* AssetConvertable.swift in Sources */ = {isa = PBXBuildFile; fileRef = E4D3789F2A110B05008DB8A4 /* AssetConvertable.swift */; };
		E4D378A32A110B28008DB8A4 /* Resources.swift in Sources */ = {isa = PBXBuildFile; fileRef = E4D378A22A110B28008DB8A4 /* Resources.swift */; };
		E4D378A52A110B33008DB8A4 /* PreviewProvider.swift in Sources */ = {isa = PBXBuildFile; fileRef = E4D378A42A110B33008DB8A4 /* PreviewProvider.swift */; };
		E4D378A72A110B42008DB8A4 /* Color.swift in Sources */ = {isa = PBXBuildFile; fileRef = E4D378A62A110B42008DB8A4 /* Color.swift */; };
		E4D378AD2A110B83008DB8A4 /* BG.swift in Sources */ = {isa = PBXBuildFile; fileRef = E4D378AC2A110B83008DB8A4 /* BG.swift */; };
		E4D378AF2A110BA3008DB8A4 /* ProgressBar.swift in Sources */ = {isa = PBXBuildFile; fileRef = E4D378AE2A110BA3008DB8A4 /* ProgressBar.swift */; };
		E4D378B22A111427008DB8A4 /* Colors.xcassets in Resources */ = {isa = PBXBuildFile; fileRef = E4D378B12A111427008DB8A4 /* Colors.xcassets */; };
		E4D378B42A111431008DB8A4 /* Images.xcassets in Resources */ = {isa = PBXBuildFile; fileRef = E4D378B32A111431008DB8A4 /* Images.xcassets */; };
		E4D378B92A111D62008DB8A4 /* Notification.swift in Sources */ = {isa = PBXBuildFile; fileRef = E4D378B82A111D62008DB8A4 /* Notification.swift */; };
		E4D378BB2A112B4D008DB8A4 /* TopView.swift in Sources */ = {isa = PBXBuildFile; fileRef = E4D378BA2A112B4D008DB8A4 /* TopView.swift */; };
		E4D378C12A123983008DB8A4 /* Inter-VariableFont_slnt,wght.ttf in Resources */ = {isa = PBXBuildFile; fileRef = E4D378BD2A123983008DB8A4 /* Inter-VariableFont_slnt,wght.ttf */; };
		E4D378C22A123983008DB8A4 /* static in Resources */ = {isa = PBXBuildFile; fileRef = E4D378BE2A123983008DB8A4 /* static */; };
		E4D378C32A123983008DB8A4 /* README.txt in Resources */ = {isa = PBXBuildFile; fileRef = E4D378BF2A123983008DB8A4 /* README.txt */; };
		E4D378C42A123983008DB8A4 /* OFL.txt in Resources */ = {isa = PBXBuildFile; fileRef = E4D378C02A123983008DB8A4 /* OFL.txt */; };
		E4D3B1F82A110430002C2C08 /* CryptoApp.swift in Sources */ = {isa = PBXBuildFile; fileRef = E4D3B1F72A110430002C2C08 /* CryptoApp.swift */; };
		E4D3B1FA2A110430002C2C08 /* ContentView.swift in Sources */ = {isa = PBXBuildFile; fileRef = E4D3B1F92A110430002C2C08 /* ContentView.swift */; };
		E4D3B1FC2A110430002C2C08 /* Assets.xcassets in Resources */ = {isa = PBXBuildFile; fileRef = E4D3B1FB2A110430002C2C08 /* Assets.xcassets */; };
		E4D3B2002A110430002C2C08 /* Preview Assets.xcassets in Resources */ = {isa = PBXBuildFile; fileRef = E4D3B1FF2A110430002C2C08 /* Preview Assets.xcassets */; };
/* End PBXBuildFile section */

/* Begin PBXFileReference section */
		E4D3789A2A110AD6008DB8A4 /* PreviewProviderOption.swift */ = {isa = PBXFileReference; lastKnownFileType = sourcecode.swift; path = PreviewProviderOption.swift; sourceTree = "<group>"; };
		E4D3789D2A110AFA008DB8A4 /* AssetColor.swift */ = {isa = PBXFileReference; lastKnownFileType = sourcecode.swift; path = AssetColor.swift; sourceTree = "<group>"; };
		E4D3789F2A110B05008DB8A4 /* AssetConvertable.swift */ = {isa = PBXFileReference; lastKnownFileType = sourcecode.swift; path = AssetConvertable.swift; sourceTree = "<group>"; };
		E4D378A22A110B28008DB8A4 /* Resources.swift */ = {isa = PBXFileReference; lastKnownFileType = sourcecode.swift; path = Resources.swift; sourceTree = "<group>"; };
		E4D378A42A110B33008DB8A4 /* PreviewProvider.swift */ = {isa = PBXFileReference; lastKnownFileType = sourcecode.swift; path = PreviewProvider.swift; sourceTree = "<group>"; };
		E4D378A62A110B42008DB8A4 /* Color.swift */ = {isa = PBXFileReference; lastKnownFileType = sourcecode.swift; path = Color.swift; sourceTree = "<group>"; };
		E4D378AC2A110B83008DB8A4 /* BG.swift */ = {isa = PBXFileReference; lastKnownFileType = sourcecode.swift; path = BG.swift; sourceTree = "<group>"; };
		E4D378AE2A110BA3008DB8A4 /* ProgressBar.swift */ = {isa = PBXFileReference; lastKnownFileType = sourcecode.swift; path = ProgressBar.swift; sourceTree = "<group>"; };
		E4D378B12A111427008DB8A4 /* Colors.xcassets */ = {isa = PBXFileReference; lastKnownFileType = folder.assetcatalog; path = Colors.xcassets; sourceTree = "<group>"; };
		E4D378B32A111431008DB8A4 /* Images.xcassets */ = {isa = PBXFileReference; lastKnownFileType = folder.assetcatalog; path = Images.xcassets; sourceTree = "<group>"; };
		E4D378B82A111D62008DB8A4 /* Notification.swift */ = {isa = PBXFileReference; lastKnownFileType = sourcecode.swift; path = Notification.swift; sourceTree = "<group>"; };
		E4D378BA2A112B4D008DB8A4 /* TopView.swift */ = {isa = PBXFileReference; lastKnownFileType = sourcecode.swift; path = TopView.swift; sourceTree = "<group>"; };
		E4D378BD2A123983008DB8A4 /* Inter-VariableFont_slnt,wght.ttf */ = {isa = PBXFileReference; lastKnownFileType = file; path = "Inter-VariableFont_slnt,wght.ttf"; sourceTree = "<group>"; };
		E4D378BE2A123983008DB8A4 /* static */ = {isa = PBXFileReference; lastKnownFileType = folder; path = static; sourceTree = "<group>"; };
		E4D378BF2A123983008DB8A4 /* README.txt */ = {isa = PBXFileReference; fileEncoding = 4; lastKnownFileType = text; path = README.txt; sourceTree = "<group>"; };
		E4D378C02A123983008DB8A4 /* OFL.txt */ = {isa = PBXFileReference; fileEncoding = 4; lastKnownFileType = text; path = OFL.txt; sourceTree = "<group>"; };
		E4D3B1F42A110430002C2C08 /* Crypto.app */ = {isa = PBXFileReference; explicitFileType = wrapper.application; includeInIndex = 0; path = Crypto.app; sourceTree = BUILT_PRODUCTS_DIR; };
		E4D3B1F72A110430002C2C08 /* CryptoApp.swift */ = {isa = PBXFileReference; lastKnownFileType = sourcecode.swift; path = CryptoApp.swift; sourceTree = "<group>"; };
		E4D3B1F92A110430002C2C08 /* ContentView.swift */ = {isa = PBXFileReference; lastKnownFileType = sourcecode.swift; path = ContentView.swift; sourceTree = "<group>"; };
		E4D3B1FB2A110430002C2C08 /* Assets.xcassets */ = {isa = PBXFileReference; lastKnownFileType = folder.assetcatalog; path = Assets.xcassets; sourceTree = "<group>"; };
		E4D3B1FD2A110430002C2C08 /* Crypto.entitlements */ = {isa = PBXFileReference; lastKnownFileType = text.plist.entitlements; path = Crypto.entitlements; sourceTree = "<group>"; };
		E4D3B1FF2A110430002C2C08 /* Preview Assets.xcassets */ = {isa = PBXFileReference; lastKnownFileType = folder.assetcatalog; path = "Preview Assets.xcassets"; sourceTree = "<group>"; };
/* End PBXFileReference section */

/* Begin PBXFrameworksBuildPhase section */
		E4D3B1F12A110430002C2C08 /* Frameworks */ = {
			isa = PBXFrameworksBuildPhase;
			buildActionMask = 2147483647;
			files = (
			);
			runOnlyForDeploymentPostprocessing = 0;
		};
/* End PBXFrameworksBuildPhase section */

/* Begin PBXGroup section */
		E4D378992A110AC5008DB8A4 /* Enumeration */ = {
			isa = PBXGroup;
			children = (
				E4D3789A2A110AD6008DB8A4 /* PreviewProviderOption.swift */,
			);
			path = Enumeration;
			sourceTree = "<group>";
		};
		E4D3789C2A110AED008DB8A4 /* Protocols */ = {
			isa = PBXGroup;
			children = (
				E4D3789D2A110AFA008DB8A4 /* AssetColor.swift */,
				E4D3789F2A110B05008DB8A4 /* AssetConvertable.swift */,
			);
			path = Protocols;
			sourceTree = "<group>";
		};
		E4D378A12A110B12008DB8A4 /* Resources */ = {
			isa = PBXGroup;
			children = (
				E4D378BC2A123941008DB8A4 /* Fonts */,
				E4D378B02A111413008DB8A4 /* Assets */,
			);
			path = Resources;
			sourceTree = "<group>";
		};
		E4D378A82A110B48008DB8A4 /* Trade */ = {
			isa = PBXGroup;
			children = (
			);
			path = Trade;
			sourceTree = "<group>";
		};
		E4D378A92A110B55008DB8A4 /* Top */ = {
			isa = PBXGroup;
			children = (
				E4D378BA2A112B4D008DB8A4 /* TopView.swift */,
			);
			name = Top;
			sourceTree = "<group>";
		};
		E4D378AA2A110B5C008DB8A4 /* Onboaring */ = {
			isa = PBXGroup;
			children = (
				E4D378AB2A110B6A008DB8A4 /* Preloader */,
			);
			path = Onboaring;
			sourceTree = "<group>";
		};
		E4D378AB2A110B6A008DB8A4 /* Preloader */ = {
			isa = PBXGroup;
			children = (
				E4D3B1F72A110430002C2C08 /* CryptoApp.swift */,
				E4D378AC2A110B83008DB8A4 /* BG.swift */,
				E4D378AE2A110BA3008DB8A4 /* ProgressBar.swift */,
				E4D378B82A111D62008DB8A4 /* Notification.swift */,
			);
			path = Preloader;
			sourceTree = "<group>";
		};
		E4D378B02A111413008DB8A4 /* Assets */ = {
			isa = PBXGroup;
			children = (
				E4D378B12A111427008DB8A4 /* Colors.xcassets */,
				E4D378B32A111431008DB8A4 /* Images.xcassets */,
			);
			path = Assets;
			sourceTree = "<group>";
		};
		E4D378B52A111605008DB8A4 /* Extensions */ = {
			isa = PBXGroup;
			children = (
				E4D378A62A110B42008DB8A4 /* Color.swift */,
				E4D378A42A110B33008DB8A4 /* PreviewProvider.swift */,
				E4D378A22A110B28008DB8A4 /* Resources.swift */,
			);
			path = Extensions;
			sourceTree = "<group>";
		};
		E4D378BC2A123941008DB8A4 /* Fonts */ = {
			isa = PBXGroup;
			children = (
				E4D378BD2A123983008DB8A4 /* Inter-VariableFont_slnt,wght.ttf */,
				E4D378C02A123983008DB8A4 /* OFL.txt */,
				E4D378BF2A123983008DB8A4 /* README.txt */,
				E4D378BE2A123983008DB8A4 /* static */,
			);
			path = Fonts;
			sourceTree = "<group>";
		};
		E4D3B1EB2A110430002C2C08 = {
			isa = PBXGroup;
			children = (
				E4D3B1F62A110430002C2C08 /* Crypto */,
				E4D3B1F52A110430002C2C08 /* Products */,
			);
			sourceTree = "<group>";
		};
		E4D3B1F52A110430002C2C08 /* Products */ = {
			isa = PBXGroup;
			children = (
				E4D3B1F42A110430002C2C08 /* Crypto.app */,
			);
			name = Products;
			sourceTree = "<group>";
		};
		E4D3B1F62A110430002C2C08 /* Crypto */ = {
			isa = PBXGroup;
			children = (
				E4D378AA2A110B5C008DB8A4 /* Onboaring */,
				E4D378A92A110B55008DB8A4 /* Top */,
				E4D378A82A110B48008DB8A4 /* Trade */,
				E4D378B52A111605008DB8A4 /* Extensions */,
				E4D378A12A110B12008DB8A4 /* Resources */,
				E4D3789C2A110AED008DB8A4 /* Protocols */,
				E4D378992A110AC5008DB8A4 /* Enumeration */,
				E4D3B1FB2A110430002C2C08 /* Assets.xcassets */,
				E4D3B1F92A110430002C2C08 /* ContentView.swift */,
				E4D3B1FD2A110430002C2C08 /* Crypto.entitlements */,
				E4D3B1FE2A110430002C2C08 /* Preview Content */,
			);
			path = Crypto;
			sourceTree = "<group>";
		};
		E4D3B1FE2A110430002C2C08 /* Preview Content */ = {
			isa = PBXGroup;
			children = (
				E4D3B1FF2A110430002C2C08 /* Preview Assets.xcassets */,
			);
			path = "Preview Content";
			sourceTree = "<group>";
		};
/* End PBXGroup section */

/* Begin PBXNativeTarget section */
		E4D3B1F32A110430002C2C08 /* Crypto */ = {
			isa = PBXNativeTarget;
			buildConfigurationList = E4D3B2032A110430002C2C08 /* Build configuration list for PBXNativeTarget "Crypto" */;
			buildPhases = (
				E4D3B1F02A110430002C2C08 /* Sources */,
				E4D3B1F12A110430002C2C08 /* Frameworks */,
				E4D3B1F22A110430002C2C08 /* Resources */,
			);
			buildRules = (
			);
			dependencies = (
			);
			name = Crypto;
			productName = Crypto;
			productReference = E4D3B1F42A110430002C2C08 /* Crypto.app */;
			productType = "com.apple.product-type.application";
		};
/* End PBXNativeTarget section */

/* Begin PBXProject section */
		E4D3B1EC2A110430002C2C08 /* Project object */ = {
			isa = PBXProject;
			attributes = {
				BuildIndependentTargetsInParallel = 1;
				LastSwiftUpdateCheck = 1430;
				LastUpgradeCheck = 1430;
				TargetAttributes = {
					E4D3B1F32A110430002C2C08 = {
						CreatedOnToolsVersion = 14.3;
					};
				};
			};
			buildConfigurationList = E4D3B1EF2A110430002C2C08 /* Build configuration list for PBXProject "Crypto" */;
			compatibilityVersion = "Xcode 14.0";
			developmentRegion = en;
			hasScannedForEncodings = 0;
			knownRegions = (
				en,
				Base,
			);
			mainGroup = E4D3B1EB2A110430002C2C08;
			productRefGroup = E4D3B1F52A110430002C2C08 /* Products */;
			projectDirPath = "";
			projectRoot = "";
			targets = (
				E4D3B1F32A110430002C2C08 /* Crypto */,
			);
		};
/* End PBXProject section */

/* Begin PBXResourcesBuildPhase section */
		E4D3B1F22A110430002C2C08 /* Resources */ = {
			isa = PBXResourcesBuildPhase;
			buildActionMask = 2147483647;
			files = (
				E4D378B22A111427008DB8A4 /* Colors.xcassets in Resources */,
				E4D378C12A123983008DB8A4 /* Inter-VariableFont_slnt,wght.ttf in Resources */,
				E4D378B42A111431008DB8A4 /* Images.xcassets in Resources */,
				E4D3B2002A110430002C2C08 /* Preview Assets.xcassets in Resources */,
				E4D378C22A123983008DB8A4 /* static in Resources */,
				E4D378C32A123983008DB8A4 /* README.txt in Resources */,
				E4D378C42A123983008DB8A4 /* OFL.txt in Resources */,
				E4D3B1FC2A110430002C2C08 /* Assets.xcassets in Resources */,
			);
			runOnlyForDeploymentPostprocessing = 0;
		};
/* End PBXResourcesBuildPhase section */

/* Begin PBXSourcesBuildPhase section */
		E4D3B1F02A110430002C2C08 /* Sources */ = {
			isa = PBXSourcesBuildPhase;
			buildActionMask = 2147483647;
			files = (
				E4D3B1FA2A110430002C2C08 /* ContentView.swift in Sources */,
				E4D378A52A110B33008DB8A4 /* PreviewProvider.swift in Sources */,
				E4D378AD2A110B83008DB8A4 /* BG.swift in Sources */,
				E4D3789B2A110AD6008DB8A4 /* PreviewProviderOption.swift in Sources */,
				E4D378A02A110B05008DB8A4 /* AssetConvertable.swift in Sources */,
				E4D378A32A110B28008DB8A4 /* Resources.swift in Sources */,
				E4D378A72A110B42008DB8A4 /* Color.swift in Sources */,
				E4D3789E2A110AFA008DB8A4 /* AssetColor.swift in Sources */,
				E4D378B92A111D62008DB8A4 /* Notification.swift in Sources */,
				E4D378AF2A110BA3008DB8A4 /* ProgressBar.swift in Sources */,
				E4D378BB2A112B4D008DB8A4 /* TopView.swift in Sources */,
				E4D3B1F82A110430002C2C08 /* CryptoApp.swift in Sources */,
			);
			runOnlyForDeploymentPostprocessing = 0;
		};
/* End PBXSourcesBuildPhase section */

/* Begin XCBuildConfiguration section */
		E4D3B2012A110430002C2C08 /* Debug */ = {
			isa = XCBuildConfiguration;
			buildSettings = {
				ALWAYS_SEARCH_USER_PATHS = NO;
				CLANG_ANALYZER_NONNULL = YES;
				CLANG_ANALYZER_NUMBER_OBJECT_CONVERSION = YES_AGGRESSIVE;
				CLANG_CXX_LANGUAGE_STANDARD = "gnu++20";
				CLANG_ENABLE_MODULES = YES;
				CLANG_ENABLE_OBJC_ARC = YES;
				CLANG_ENABLE_OBJC_WEAK = YES;
				CLANG_WARN_BLOCK_CAPTURE_AUTORELEASING = YES;
				CLANG_WARN_BOOL_CONVERSION = YES;
				CLANG_WARN_COMMA = YES;
				CLANG_WARN_CONSTANT_CONVERSION = YES;
				CLANG_WARN_DEPRECATED_OBJC_IMPLEMENTATIONS = YES;
				CLANG_WARN_DIRECT_OBJC_ISA_USAGE = YES_ERROR;
				CLANG_WARN_DOCUMENTATION_COMMENTS = YES;
				CLANG_WARN_EMPTY_BODY = YES;
				CLANG_WARN_ENUM_CONVERSION = YES;
				CLANG_WARN_INFINITE_RECURSION = YES;
				CLANG_WARN_INT_CONVERSION = YES;
				CLANG_WARN_NON_LITERAL_NULL_CONVERSION = YES;
				CLANG_WARN_OBJC_IMPLICIT_RETAIN_SELF = YES;
				CLANG_WARN_OBJC_LITERAL_CONVERSION = YES;
				CLANG_WARN_OBJC_ROOT_CLASS = YES_ERROR;
				CLANG_WARN_QUOTED_INCLUDE_IN_FRAMEWORK_HEADER = YES;
				CLANG_WARN_RANGE_LOOP_ANALYSIS = YES;
				CLANG_WARN_STRICT_PROTOTYPES = YES;
				CLANG_WARN_SUSPICIOUS_MOVE = YES;
				CLANG_WARN_UNGUARDED_AVAILABILITY = YES_AGGRESSIVE;
				CLANG_WARN_UNREACHABLE_CODE = YES;
				CLANG_WARN__DUPLICATE_METHOD_MATCH = YES;
				COPY_PHASE_STRIP = NO;
				DEBUG_INFORMATION_FORMAT = dwarf;
				ENABLE_STRICT_OBJC_MSGSEND = YES;
				ENABLE_TESTABILITY = YES;
				GCC_C_LANGUAGE_STANDARD = gnu11;
				GCC_DYNAMIC_NO_PIC = NO;
				GCC_NO_COMMON_BLOCKS = YES;
				GCC_OPTIMIZATION_LEVEL = 0;
				GCC_PREPROCESSOR_DEFINITIONS = (
					"DEBUG=1",
					"$(inherited)",
				);
				GCC_WARN_64_TO_32_BIT_CONVERSION = YES;
				GCC_WARN_ABOUT_RETURN_TYPE = YES_ERROR;
				GCC_WARN_UNDECLARED_SELECTOR = YES;
				GCC_WARN_UNINITIALIZED_AUTOS = YES_AGGRESSIVE;
				GCC_WARN_UNUSED_FUNCTION = YES;
				GCC_WARN_UNUSED_VARIABLE = YES;
				MTL_ENABLE_DEBUG_INFO = INCLUDE_SOURCE;
				MTL_FAST_MATH = YES;
				ONLY_ACTIVE_ARCH = YES;
				SWIFT_ACTIVE_COMPILATION_CONDITIONS = DEBUG;
				SWIFT_OPTIMIZATION_LEVEL = "-Onone";
			};
			name = Debug;
		};
		E4D3B2022A110430002C2C08 /* Release */ = {
			isa = XCBuildConfiguration;
			buildSettings = {
				ALWAYS_SEARCH_USER_PATHS = NO;
				CLANG_ANALYZER_NONNULL = YES;
				CLANG_ANALYZER_NUMBER_OBJECT_CONVERSION = YES_AGGRESSIVE;
				CLANG_CXX_LANGUAGE_STANDARD = "gnu++20";
				CLANG_ENABLE_MODULES = YES;
				CLANG_ENABLE_OBJC_ARC = YES;
				CLANG_ENABLE_OBJC_WEAK = YES;
				CLANG_WARN_BLOCK_CAPTURE_AUTORELEASING = YES;
				CLANG_WARN_BOOL_CONVERSION = YES;
				CLANG_WARN_COMMA = YES;
				CLANG_WARN_CONSTANT_CONVERSION = YES;
				CLANG_WARN_DEPRECATED_OBJC_IMPLEMENTATIONS = YES;
				CLANG_WARN_DIRECT_OBJC_ISA_USAGE = YES_ERROR;
				CLANG_WARN_DOCUMENTATION_COMMENTS = YES;
				CLANG_WARN_EMPTY_BODY = YES;
				CLANG_WARN_ENUM_CONVERSION = YES;
				CLANG_WARN_INFINITE_RECURSION = YES;
				CLANG_WARN_INT_CONVERSION = YES;
				CLANG_WARN_NON_LITERAL_NULL_CONVERSION = YES;
				CLANG_WARN_OBJC_IMPLICIT_RETAIN_SELF = YES;
				CLANG_WARN_OBJC_LITERAL_CONVERSION = YES;
				CLANG_WARN_OBJC_ROOT_CLASS = YES_ERROR;
				CLANG_WARN_QUOTED_INCLUDE_IN_FRAMEWORK_HEADER = YES;
				CLANG_WARN_RANGE_LOOP_ANALYSIS = YES;
				CLANG_WARN_STRICT_PROTOTYPES = YES;
				CLANG_WARN_SUSPICIOUS_MOVE = YES;
				CLANG_WARN_UNGUARDED_AVAILABILITY = YES_AGGRESSIVE;
				CLANG_WARN_UNREACHABLE_CODE = YES;
				CLANG_WARN__DUPLICATE_METHOD_MATCH = YES;
				COPY_PHASE_STRIP = NO;
				DEBUG_INFORMATION_FORMAT = "dwarf-with-dsym";
				ENABLE_NS_ASSERTIONS = NO;
				ENABLE_STRICT_OBJC_MSGSEND = YES;
				GCC_C_LANGUAGE_STANDARD = gnu11;
				GCC_NO_COMMON_BLOCKS = YES;
				GCC_WARN_64_TO_32_BIT_CONVERSION = YES;
				GCC_WARN_ABOUT_RETURN_TYPE = YES_ERROR;
				GCC_WARN_UNDECLARED_SELECTOR = YES;
				GCC_WARN_UNINITIALIZED_AUTOS = YES_AGGRESSIVE;
				GCC_WARN_UNUSED_FUNCTION = YES;
				GCC_WARN_UNUSED_VARIABLE = YES;
				MTL_ENABLE_DEBUG_INFO = NO;
				MTL_FAST_MATH = YES;
				SWIFT_COMPILATION_MODE = wholemodule;
				SWIFT_OPTIMIZATION_LEVEL = "-O";
			};
			name = Release;
		};
		E4D3B2042A110430002C2C08 /* Debug */ = {
			isa = XCBuildConfiguration;
			buildSettings = {
				ASSETCATALOG_COMPILER_APPICON_NAME = AppIcon;
				ASSETCATALOG_COMPILER_GLOBAL_ACCENT_COLOR_NAME = AccentColor;
				CODE_SIGN_ENTITLEMENTS = Crypto/Crypto.entitlements;
				CODE_SIGN_STYLE = Automatic;
				CURRENT_PROJECT_VERSION = 1;
				DEVELOPMENT_ASSET_PATHS = "\"Crypto/Preview Content\"";
				DEVELOPMENT_TEAM = 748RM22H5Z;
				ENABLE_HARDENED_RUNTIME = YES;
				ENABLE_PREVIEWS = YES;
				GENERATE_INFOPLIST_FILE = YES;
				"INFOPLIST_KEY_UIApplicationSceneManifest_Generation[sdk=iphoneos*]" = YES;
				"INFOPLIST_KEY_UIApplicationSceneManifest_Generation[sdk=iphonesimulator*]" = YES;
				"INFOPLIST_KEY_UIApplicationSupportsIndirectInputEvents[sdk=iphoneos*]" = YES;
				"INFOPLIST_KEY_UIApplicationSupportsIndirectInputEvents[sdk=iphonesimulator*]" = YES;
				"INFOPLIST_KEY_UILaunchScreen_Generation[sdk=iphoneos*]" = YES;
				"INFOPLIST_KEY_UILaunchScreen_Generation[sdk=iphonesimulator*]" = YES;
				"INFOPLIST_KEY_UIStatusBarStyle[sdk=iphoneos*]" = UIStatusBarStyleDefault;
				"INFOPLIST_KEY_UIStatusBarStyle[sdk=iphonesimulator*]" = UIStatusBarStyleDefault;
				INFOPLIST_KEY_UISupportedInterfaceOrientations_iPad = "UIInterfaceOrientationPortrait UIInterfaceOrientationPortraitUpsideDown UIInterfaceOrientationLandscapeLeft UIInterfaceOrientationLandscapeRight";
				INFOPLIST_KEY_UISupportedInterfaceOrientations_iPhone = "UIInterfaceOrientationPortrait UIInterfaceOrientationLandscapeLeft UIInterfaceOrientationLandscapeRight";
				IPHONEOS_DEPLOYMENT_TARGET = 16.4;
				LD_RUNPATH_SEARCH_PATHS = "@executable_path/Frameworks";
				"LD_RUNPATH_SEARCH_PATHS[sdk=macosx*]" = "@executable_path/../Frameworks";
				MACOSX_DEPLOYMENT_TARGET = 13.3;
				MARKETING_VERSION = 1.0;
				PRODUCT_BUNDLE_IDENTIFIER = EliId.Crypto;
				PRODUCT_NAME = "$(TARGET_NAME)";
				SDKROOT = auto;
				SUPPORTED_PLATFORMS = "iphoneos iphonesimulator macosx";
				SWIFT_EMIT_LOC_STRINGS = YES;
				SWIFT_VERSION = 5.0;
				TARGETED_DEVICE_FAMILY = "1,2";
			};
			name = Debug;
		};
		E4D3B2052A110430002C2C08 /* Release */ = {
			isa = XCBuildConfiguration;
			buildSettings = {
				ASSETCATALOG_COMPILER_APPICON_NAME = AppIcon;
				ASSETCATALOG_COMPILER_GLOBAL_ACCENT_COLOR_NAME = AccentColor;
				CODE_SIGN_ENTITLEMENTS = Crypto/Crypto.entitlements;
				CODE_SIGN_STYLE = Automatic;
				CURRENT_PROJECT_VERSION = 1;
				DEVELOPMENT_ASSET_PATHS = "\"Crypto/Preview Content\"";
				DEVELOPMENT_TEAM = 748RM22H5Z;
				ENABLE_HARDENED_RUNTIME = YES;
				ENABLE_PREVIEWS = YES;
				GENERATE_INFOPLIST_FILE = YES;
				"INFOPLIST_KEY_UIApplicationSceneManifest_Generation[sdk=iphoneos*]" = YES;
				"INFOPLIST_KEY_UIApplicationSceneManifest_Generation[sdk=iphonesimulator*]" = YES;
				"INFOPLIST_KEY_UIApplicationSupportsIndirectInputEvents[sdk=iphoneos*]" = YES;
				"INFOPLIST_KEY_UIApplicationSupportsIndirectInputEvents[sdk=iphonesimulator*]" = YES;
				"INFOPLIST_KEY_UILaunchScreen_Generation[sdk=iphoneos*]" = YES;
				"INFOPLIST_KEY_UILaunchScreen_Generation[sdk=iphonesimulator*]" = YES;
				"INFOPLIST_KEY_UIStatusBarStyle[sdk=iphoneos*]" = UIStatusBarStyleDefault;
				"INFOPLIST_KEY_UIStatusBarStyle[sdk=iphonesimulator*]" = UIStatusBarStyleDefault;
				INFOPLIST_KEY_UISupportedInterfaceOrientations_iPad = "UIInterfaceOrientationPortrait UIInterfaceOrientationPortraitUpsideDown UIInterfaceOrientationLandscapeLeft UIInterfaceOrientationLandscapeRight";
				INFOPLIST_KEY_UISupportedInterfaceOrientations_iPhone = "UIInterfaceOrientationPortrait UIInterfaceOrientationLandscapeLeft UIInterfaceOrientationLandscapeRight";
				IPHONEOS_DEPLOYMENT_TARGET = 16.4;
				LD_RUNPATH_SEARCH_PATHS = "@executable_path/Frameworks";
				"LD_RUNPATH_SEARCH_PATHS[sdk=macosx*]" = "@executable_path/../Frameworks";
				MACOSX_DEPLOYMENT_TARGET = 13.3;
				MARKETING_VERSION = 1.0;
				PRODUCT_BUNDLE_IDENTIFIER = EliId.Crypto;
				PRODUCT_NAME = "$(TARGET_NAME)";
				SDKROOT = auto;
				SUPPORTED_PLATFORMS = "iphoneos iphonesimulator macosx";
				SWIFT_EMIT_LOC_STRINGS = YES;
				SWIFT_VERSION = 5.0;
				TARGETED_DEVICE_FAMILY = "1,2";
			};
			name = Release;
		};
/* End XCBuildConfiguration section */

/* Begin XCConfigurationList section */
		E4D3B1EF2A110430002C2C08 /* Build configuration list for PBXProject "Crypto" */ = {
			isa = XCConfigurationList;
			buildConfigurations = (
				E4D3B2012A110430002C2C08 /* Debug */,
				E4D3B2022A110430002C2C08 /* Release */,
			);
			defaultConfigurationIsVisible = 0;
			defaultConfigurationName = Release;
		};
		E4D3B2032A110430002C2C08 /* Build configuration list for PBXNativeTarget "Crypto" */ = {
			isa = XCConfigurationList;
			buildConfigurations = (
				E4D3B2042A110430002C2C08 /* Debug */,
				E4D3B2052A110430002C2C08 /* Release */,
			);
			defaultConfigurationIsVisible = 0;
			defaultConfigurationName = Release;
		};
/* End XCConfigurationList section */
	};
	rootObject = E4D3B1EC2A110430002C2C08 /* Project object */;
}
